<Solution>
  <Folder Name="/src/" />
  <Folder Name="/src/agent/">
    <Project Path="src/agent/InstantFileShare.Agent/InstantFileShare.Agent.csproj" />
    <Project Path="src/agent/InstantFileShare.Core/InstantFileShare.Core.csproj" />
    <Project Path="src/agent/InstantFileShare.Data/InstantFileShare.Data.csproj" />
    <Project Path="src/agent/InstantFileShare.Infrastructure/InstantFileShare.Infrastructure.csproj" />
  </Folder>
  <Folder Name="/tests/">
    <Project Path="tests/InstantFileShare.Agent.Tests/InstantFileShare.Agent.Tests.csproj" />
    <Project Path="tests/InstantFileShare.Data.Tests/InstantFileShare.Data.Tests.csproj" />
    <Project Path="tests/InstantFileShare.Core.Tests/InstantFileShare.Core.Tests.csproj" />
    <Project Path="tests/InstantFileShare.E2EHost/InstantFileShare.E2EHost.csproj" />
  </Folder>
</Solution>
